
Microsoft Visual Studio Solution File, Format Version 12.00
# Visual Studio Version 16
VisualStudioVersion = 16.0.29806.167
MinimumVisualStudioVersion = 10.0.40219.1
Project("{FAE04EC0-301F-11D3-BF4B-00C04F79EFBC}") = "HW4_ZipCodeTextBox", "HW4_ZipCodeTextBox.csproj", "{B28D2838-DD49-4A49-B7A1-13BDFB9F266F}"
EndProject
Global
	GlobalSection(SolutionConfigurationPlatforms) = preSolution
		Debug|Any CPU = Debug|Any CPU
		Release|Any CPU = Release|Any CPU
	EndGlobalSection
	GlobalSection(ProjectConfigurationPlatforms) = postSolution
		{B28D2838-DD49-4A49-B7A1-13BDFB9F266F}.Debug|Any CPU.ActiveCfg = Debug|Any CPU
		{B28D2838-DD49-4A49-B7A1-13BDFB9F266F}.Debug|Any CPU.Build.0 = Debug|Any CPU
		{B28D2838-DD49-4A49-B7A1-13BDFB9F266F}.Release|Any CPU.ActiveCfg = Release|Any CPU
		{B28D2838-DD49-4A49-B7A1-13BDFB9F266F}.Release|Any CPU.Build.0 = Release|Any CPU
	EndGlobalSection
	GlobalSection(SolutionProperties) = preSolution
		HideSolutionNode = FALSE
	EndGlobalSection
	GlobalSection(ExtensibilityGlobals) = postSolution
		SolutionGuid = {4C36DA2E-6842-49ED-BC21-6A771E2D7D41}
	EndGlobalSection
EndGlobal
